
Microsoft Visual Studio Solution File, Format Version 12.00
# Visual Studio 14
VisualStudioVersion = 14.0.25420.1
MinimumVisualStudioVersion = 10.0.40219.1
Project("{FAE04EC0-301F-11D3-BF4B-00C04F79EFBC}") = "BridgeWithWCF.Web.App", "BridgeWithWCF.Web.App\BridgeWithWCF.Web.App.csproj", "{A561B07A-B3D6-4086-B662-1B3F5EA54789}"
EndProject
Project("{FAE04EC0-301F-11D3-BF4B-00C04F79EFBC}") = "BridgeWithWCF.Web.Script", "BridgeWithWCF.Web.Script\BridgeWithWCF.Web.Script.csproj", "{32F39D74-E65C-4EDC-AED1-E6B55E77E7D1}"
EndProject
Project("{FAE04EC0-301F-11D3-BF4B-00C04F79EFBC}") = "BridgeWithWCF.Web.DTO", "BridgeWithWCF.Web.DTO\BridgeWithWCF.Web.DTO.csproj", "{CEFA7A4E-824E-4A96-9EE7-5381B076663B}"
EndProject
Project("{FAE04EC0-301F-11D3-BF4B-00C04F79EFBC}") = "BridgeWithWCF.BLL", "BridgeWithWCF.BLL\BridgeWithWCF.BLL.csproj", "{6DE5CCA9-2638-42C3-9303-CEE2CDFB02F2}"
EndProject
Global
	GlobalSection(SolutionConfigurationPlatforms) = preSolution
		Debug|Any CPU = Debug|Any CPU
		Release|Any CPU = Release|Any CPU
	EndGlobalSection
	GlobalSection(ProjectConfigurationPlatforms) = postSolution
		{32F39D74-E65C-4EDC-AED1-E6B55E77E7D1}.Debug|Any CPU.ActiveCfg = Debug|Any CPU
		{32F39D74-E65C-4EDC-AED1-E6B55E77E7D1}.Debug|Any CPU.Build.0 = Debug|Any CPU
		{32F39D74-E65C-4EDC-AED1-E6B55E77E7D1}.Release|Any CPU.ActiveCfg = Release|Any CPU
		{32F39D74-E65C-4EDC-AED1-E6B55E77E7D1}.Release|Any CPU.Build.0 = Release|Any CPU
		{CEFA7A4E-824E-4A96-9EE7-5381B076663B}.Debug|Any CPU.ActiveCfg = Debug|Any CPU
		{CEFA7A4E-824E-4A96-9EE7-5381B076663B}.Debug|Any CPU.Build.0 = Debug|Any CPU
		{CEFA7A4E-824E-4A96-9EE7-5381B076663B}.Release|Any CPU.ActiveCfg = Release|Any CPU
		{CEFA7A4E-824E-4A96-9EE7-5381B076663B}.Release|Any CPU.Build.0 = Release|Any CPU
		{A561B07A-B3D6-4086-B662-1B3F5EA54789}.Debug|Any CPU.ActiveCfg = Debug|Any CPU
		{A561B07A-B3D6-4086-B662-1B3F5EA54789}.Debug|Any CPU.Build.0 = Debug|Any CPU
		{A561B07A-B3D6-4086-B662-1B3F5EA54789}.Release|Any CPU.ActiveCfg = Release|Any CPU
		{A561B07A-B3D6-4086-B662-1B3F5EA54789}.Release|Any CPU.Build.0 = Release|Any CPU
		{6DE5CCA9-2638-42C3-9303-CEE2CDFB02F2}.Debug|Any CPU.ActiveCfg = Debug|Any CPU
		{6DE5CCA9-2638-42C3-9303-CEE2CDFB02F2}.Debug|Any CPU.Build.0 = Debug|Any CPU
		{6DE5CCA9-2638-42C3-9303-CEE2CDFB02F2}.Release|Any CPU.ActiveCfg = Release|Any CPU
		{6DE5CCA9-2638-42C3-9303-CEE2CDFB02F2}.Release|Any CPU.Build.0 = Release|Any CPU
		{1FE85F3B-8E16-4819-BEAB-2656E9C72ECF}.Debug|Any CPU.ActiveCfg = Debug|Any CPU
		{1FE85F3B-8E16-4819-BEAB-2656E9C72ECF}.Debug|Any CPU.Build.0 = Debug|Any CPU
		{1FE85F3B-8E16-4819-BEAB-2656E9C72ECF}.Release|Any CPU.ActiveCfg = Release|Any CPU
		{1FE85F3B-8E16-4819-BEAB-2656E9C72ECF}.Release|Any CPU.Build.0 = Release|Any CPU
	EndGlobalSection
	GlobalSection(SolutionProperties) = preSolution
		HideSolutionNode = FALSE
	EndGlobalSection
EndGlobal
